
Microsoft Visual Studio Solution File, Format Version 12.00
Project("{FAE04EC0-301F-11D3-BF4B-00C04F79EFBC}") = "RevitApi2022", "RevitApi2022\RevitApi2022.csproj", "{45B0CE9D-0AE3-4B79-A7D2-144539E50E04}"
EndProject
Global
	GlobalSection(SolutionConfigurationPlatforms) = preSolution
		Debug|Any CPU = Debug|Any CPU
		Release|Any CPU = Release|Any CPU
	EndGlobalSection
	GlobalSection(ProjectConfigurationPlatforms) = postSolution
		{45B0CE9D-0AE3-4B79-A7D2-144539E50E04}.Debug|Any CPU.ActiveCfg = Debug|Any CPU
		{45B0CE9D-0AE3-4B79-A7D2-144539E50E04}.Debug|Any CPU.Build.0 = Debug|Any CPU
		{45B0CE9D-0AE3-4B79-A7D2-144539E50E04}.Release|Any CPU.ActiveCfg = Release|Any CPU
		{45B0CE9D-0AE3-4B79-A7D2-144539E50E04}.Release|Any CPU.Build.0 = Release|Any CPU
	EndGlobalSection
EndGlobal
